// !$*UTF8*$!
{
	archiveVersion = 1;
	classes = {
	};
	objectVersion = 50;
	objects = {

/* Begin PBXBuildFile section */
		022D5ED3243A01F000ED8C2A /* AppDelegate.swift in Sources */ = {isa = PBXBuildFile; fileRef = 022D5ED2243A01F000ED8C2A /* AppDelegate.swift */; };
		022D5ED5243A01F000ED8C2A /* SceneDelegate.swift in Sources */ = {isa = PBXBuildFile; fileRef = 022D5ED4243A01F000ED8C2A /* SceneDelegate.swift */; };
		022D5ED7243A01F000ED8C2A /* ViewController.swift in Sources */ = {isa = PBXBuildFile; fileRef = 022D5ED6243A01F000ED8C2A /* ViewController.swift */; };
		022D5EDA243A01F000ED8C2A /* Main.storyboard in Resources */ = {isa = PBXBuildFile; fileRef = 022D5ED8243A01F000ED8C2A /* Main.storyboard */; };
		022D5EDC243A01F200ED8C2A /* Assets.xcassets in Resources */ = {isa = PBXBuildFile; fileRef = 022D5EDB243A01F200ED8C2A /* Assets.xcassets */; };
		022D5EDF243A01F200ED8C2A /* LaunchScreen.storyboard in Resources */ = {isa = PBXBuildFile; fileRef = 022D5EDD243A01F200ED8C2A /* LaunchScreen.storyboard */; };
		022D5F03243A027800ED8C2A /* BrainTests.swift in Sources */ = {isa = PBXBuildFile; fileRef = 022D5F02243A027800ED8C2A /* BrainTests.swift */; };
		022D5F05243A037600ED8C2A /* Brain.swift in Sources */ = {isa = PBXBuildFile; fileRef = 022D5F04243A037600ED8C2A /* Brain.swift */; };
		022D5F07243A1B5900ED8C2A /* GameTests.swift in Sources */ = {isa = PBXBuildFile; fileRef = 022D5F06243A1B5900ED8C2A /* GameTests.swift */; };
		022D5F09243A1BA100ED8C2A /* Game.swift in Sources */ = {isa = PBXBuildFile; fileRef = 022D5F08243A1BA100ED8C2A /* Game.swift */; };
		022D5F0B243A3FBB00ED8C2A /* ViewControllerTests.swift in Sources */ = {isa = PBXBuildFile; fileRef = 022D5F0A243A3FBB00ED8C2A /* ViewControllerTests.swift */; };
		022D5F10243A657D00ED8C2A /* ViewControllerUITests.swift in Sources */ = {isa = PBXBuildFile; fileRef = 022D5F0F243A657D00ED8C2A /* ViewControllerUITests.swift */; };
		022D5F12243A852F00ED8C2A /* Move.swift in Sources */ = {isa = PBXBuildFile; fileRef = 022D5F11243A852F00ED8C2A /* Move.swift */; };
		02E25BD3243A9AB2004552A1 /* Capture d’écran 2020-04-06 à 00.52.51.png in Resources */ = {isa = PBXBuildFile; fileRef = 02E25BD2243A9AB2004552A1 /* Capture d’écran 2020-04-06 à 00.52.51.png */; };
/* End PBXBuildFile section */

/* Begin PBXContainerItemProxy section */
		022D5EE6243A01F200ED8C2A /* PBXContainerItemProxy */ = {
			isa = PBXContainerItemProxy;
			containerPortal = 022D5EC7243A01F000ED8C2A /* Project object */;
			proxyType = 1;
			remoteGlobalIDString = 022D5ECE243A01F000ED8C2A;
			remoteInfo = FizzBuzz;
		};
		022D5EF1243A01F200ED8C2A /* PBXContainerItemProxy */ = {
			isa = PBXContainerItemProxy;
			containerPortal = 022D5EC7243A01F000ED8C2A /* Project object */;
			proxyType = 1;
			remoteGlobalIDString = 022D5ECE243A01F000ED8C2A;
			remoteInfo = FizzBuzz;
		};
/* End PBXContainerItemProxy section */

/* Begin PBXFileReference section */
		022D5ECF243A01F000ED8C2A /* FizzBuzz.app */ = {isa = PBXFileReference; explicitFileType = wrapper.application; includeInIndex = 0; path = FizzBuzz.app; sourceTree = BUILT_PRODUCTS_DIR; };
		022D5ED2243A01F000ED8C2A /* AppDelegate.swift */ = {isa = PBXFileReference; lastKnownFileType = sourcecode.swift; path = AppDelegate.swift; sourceTree = "<group>"; };
		022D5ED4243A01F000ED8C2A /* SceneDelegate.swift */ = {isa = PBXFileReference; lastKnownFileType = sourcecode.swift; path = SceneDelegate.swift; sourceTree = "<group>"; };
		022D5ED6243A01F000ED8C2A /* ViewController.swift */ = {isa = PBXFileReference; lastKnownFileType = sourcecode.swift; path = ViewController.swift; sourceTree = "<group>"; };
		022D5ED9243A01F000ED8C2A /* Base */ = {isa = PBXFileReference; lastKnownFileType = file.storyboard; name = Base; path = Base.lproj/Main.storyboard; sourceTree = "<group>"; };
		022D5EDB243A01F200ED8C2A /* Assets.xcassets */ = {isa = PBXFileReference; lastKnownFileType = folder.assetcatalog; path = Assets.xcassets; sourceTree = "<group>"; };
		022D5EDE243A01F200ED8C2A /* Base */ = {isa = PBXFileReference; lastKnownFileType = file.storyboard; name = Base; path = Base.lproj/LaunchScreen.storyboard; sourceTree = "<group>"; };
		022D5EE0243A01F200ED8C2A /* Info.plist */ = {isa = PBXFileReference; lastKnownFileType = text.plist.xml; path = Info.plist; sourceTree = "<group>"; };
		022D5EE5243A01F200ED8C2A /* FizzBuzzTests.xctest */ = {isa = PBXFileReference; explicitFileType = wrapper.cfbundle; includeInIndex = 0; path = FizzBuzzTests.xctest; sourceTree = BUILT_PRODUCTS_DIR; };
		022D5EEB243A01F200ED8C2A /* Info.plist */ = {isa = PBXFileReference; lastKnownFileType = text.plist.xml; path = Info.plist; sourceTree = "<group>"; };
		022D5EF0243A01F200ED8C2A /* FizzBuzzUITests.xctest */ = {isa = PBXFileReference; explicitFileType = wrapper.cfbundle; includeInIndex = 0; path = FizzBuzzUITests.xctest; sourceTree = BUILT_PRODUCTS_DIR; };
		022D5EF6243A01F200ED8C2A /* Info.plist */ = {isa = PBXFileReference; lastKnownFileType = text.plist.xml; path = Info.plist; sourceTree = "<group>"; };
		022D5F02243A027800ED8C2A /* BrainTests.swift */ = {isa = PBXFileReference; lastKnownFileType = sourcecode.swift; path = BrainTests.swift; sourceTree = "<group>"; };
		022D5F04243A037600ED8C2A /* Brain.swift */ = {isa = PBXFileReference; lastKnownFileType = sourcecode.swift; path = Brain.swift; sourceTree = "<group>"; };
		022D5F06243A1B5900ED8C2A /* GameTests.swift */ = {isa = PBXFileReference; lastKnownFileType = sourcecode.swift; path = GameTests.swift; sourceTree = "<group>"; };
		022D5F08243A1BA100ED8C2A /* Game.swift */ = {isa = PBXFileReference; lastKnownFileType = sourcecode.swift; path = Game.swift; sourceTree = "<group>"; };
		022D5F0A243A3FBB00ED8C2A /* ViewControllerTests.swift */ = {isa = PBXFileReference; lastKnownFileType = sourcecode.swift; path = ViewControllerTests.swift; sourceTree = "<group>"; };
		022D5F0F243A657D00ED8C2A /* ViewControllerUITests.swift */ = {isa = PBXFileReference; lastKnownFileType = sourcecode.swift; path = ViewControllerUITests.swift; sourceTree = "<group>"; };
		022D5F11243A852F00ED8C2A /* Move.swift */ = {isa = PBXFileReference; lastKnownFileType = sourcecode.swift; path = Move.swift; sourceTree = "<group>"; };
		02E25BD2243A9AB2004552A1 /* Capture d’écran 2020-04-06 à 00.52.51.png */ = {isa = PBXFileReference; lastKnownFileType = image.png; path = "Capture d’écran 2020-04-06 à 00.52.51.png"; sourceTree = "<group>"; };
/* End PBXFileReference section */

/* Begin PBXFrameworksBuildPhase section */
		022D5ECC243A01F000ED8C2A /* Frameworks */ = {
			isa = PBXFrameworksBuildPhase;
			buildActionMask = 2147483647;
			files = (
			);
			runOnlyForDeploymentPostprocessing = 0;
		};
		022D5EE2243A01F200ED8C2A /* Frameworks */ = {
			isa = PBXFrameworksBuildPhase;
			buildActionMask = 2147483647;
			files = (
			);
			runOnlyForDeploymentPostprocessing = 0;
		};
		022D5EED243A01F200ED8C2A /* Frameworks */ = {
			isa = PBXFrameworksBuildPhase;
			buildActionMask = 2147483647;
			files = (
			);
			runOnlyForDeploymentPostprocessing = 0;
		};
/* End PBXFrameworksBuildPhase section */

/* Begin PBXGroup section */
		022D5EC6243A01F000ED8C2A = {
			isa = PBXGroup;
			children = (
				022D5ED1243A01F000ED8C2A /* FizzBuzz */,
				022D5EE8243A01F200ED8C2A /* FizzBuzzTests */,
				022D5EF3243A01F200ED8C2A /* FizzBuzzUITests */,
				022D5ED0243A01F000ED8C2A /* Products */,
				02E25BD2243A9AB2004552A1 /* Capture d’écran 2020-04-06 à 00.52.51.png */,
			);
			sourceTree = "<group>";
		};
		022D5ED0243A01F000ED8C2A /* Products */ = {
			isa = PBXGroup;
			children = (
				022D5ECF243A01F000ED8C2A /* FizzBuzz.app */,
				022D5EE5243A01F200ED8C2A /* FizzBuzzTests.xctest */,
				022D5EF0243A01F200ED8C2A /* FizzBuzzUITests.xctest */,
			);
			name = Products;
			sourceTree = "<group>";
		};
		022D5ED1243A01F000ED8C2A /* FizzBuzz */ = {
			isa = PBXGroup;
			children = (
				022D5ED2243A01F000ED8C2A /* AppDelegate.swift */,
				022D5ED4243A01F000ED8C2A /* SceneDelegate.swift */,
				022D5ED6243A01F000ED8C2A /* ViewController.swift */,
				022D5ED8243A01F000ED8C2A /* Main.storyboard */,
				022D5EDB243A01F200ED8C2A /* Assets.xcassets */,
				022D5EDD243A01F200ED8C2A /* LaunchScreen.storyboard */,
				022D5EE0243A01F200ED8C2A /* Info.plist */,
				022D5F04243A037600ED8C2A /* Brain.swift */,
				022D5F08243A1BA100ED8C2A /* Game.swift */,
				022D5F11243A852F00ED8C2A /* Move.swift */,
			);
			path = FizzBuzz;
			sourceTree = "<group>";
		};
		022D5EE8243A01F200ED8C2A /* FizzBuzzTests */ = {
			isa = PBXGroup;
			children = (
				022D5F06243A1B5900ED8C2A /* GameTests.swift */,
				022D5EEB243A01F200ED8C2A /* Info.plist */,
				022D5F02243A027800ED8C2A /* BrainTests.swift */,
				022D5F0A243A3FBB00ED8C2A /* ViewControllerTests.swift */,
			);
			path = FizzBuzzTests;
			sourceTree = "<group>";
		};
		022D5EF3243A01F200ED8C2A /* FizzBuzzUITests */ = {
			isa = PBXGroup;
			children = (
				022D5EF6243A01F200ED8C2A /* Info.plist */,
				022D5F0F243A657D00ED8C2A /* ViewControllerUITests.swift */,
			);
			path = FizzBuzzUITests;
			sourceTree = "<group>";
		};
/* End PBXGroup section */

/* Begin PBXNativeTarget section */
		022D5ECE243A01F000ED8C2A /* FizzBuzz */ = {
			isa = PBXNativeTarget;
			buildConfigurationList = 022D5EF9243A01F200ED8C2A /* Build configuration list for PBXNativeTarget "FizzBuzz" */;
			buildPhases = (
				022D5ECB243A01F000ED8C2A /* Sources */,
				022D5ECC243A01F000ED8C2A /* Frameworks */,
				022D5ECD243A01F000ED8C2A /* Resources */,
			);
			buildRules = (
			);
			dependencies = (
			);
			name = FizzBuzz;
			productName = FizzBuzz;
			productReference = 022D5ECF243A01F000ED8C2A /* FizzBuzz.app */;
			productType = "com.apple.product-type.application";
		};
		022D5EE4243A01F200ED8C2A /* FizzBuzzTests */ = {
			isa = PBXNativeTarget;
			buildConfigurationList = 022D5EFC243A01F200ED8C2A /* Build configuration list for PBXNativeTarget "FizzBuzzTests" */;
			buildPhases = (
				022D5EE1243A01F200ED8C2A /* Sources */,
				022D5EE2243A01F200ED8C2A /* Frameworks */,
				022D5EE3243A01F200ED8C2A /* Resources */,
			);
			buildRules = (
			);
			dependencies = (
				022D5EE7243A01F200ED8C2A /* PBXTargetDependency */,
			);
			name = FizzBuzzTests;
			productName = FizzBuzzTests;
			productReference = 022D5EE5243A01F200ED8C2A /* FizzBuzzTests.xctest */;
			productType = "com.apple.product-type.bundle.unit-test";
		};
		022D5EEF243A01F200ED8C2A /* FizzBuzzUITests */ = {
			isa = PBXNativeTarget;
			buildConfigurationList = 022D5EFF243A01F200ED8C2A /* Build configuration list for PBXNativeTarget "FizzBuzzUITests" */;
			buildPhases = (
				022D5EEC243A01F200ED8C2A /* Sources */,
				022D5EED243A01F200ED8C2A /* Frameworks */,
				022D5EEE243A01F200ED8C2A /* Resources */,
			);
			buildRules = (
			);
			dependencies = (
				022D5EF2243A01F200ED8C2A /* PBXTargetDependency */,
			);
			name = FizzBuzzUITests;
			productName = FizzBuzzUITests;
			productReference = 022D5EF0243A01F200ED8C2A /* FizzBuzzUITests.xctest */;
			productType = "com.apple.product-type.bundle.ui-testing";
		};
/* End PBXNativeTarget section */

/* Begin PBXProject section */
		022D5EC7243A01F000ED8C2A /* Project object */ = {
			isa = PBXProject;
			attributes = {
				LastSwiftUpdateCheck = 1140;
				LastUpgradeCheck = 1140;
				ORGANIZATIONNAME = LudwigVaan;
				TargetAttributes = {
					022D5ECE243A01F000ED8C2A = {
						CreatedOnToolsVersion = 11.4;
					};
					022D5EE4243A01F200ED8C2A = {
						CreatedOnToolsVersion = 11.4;
						LastSwiftMigration = 1140;
						TestTargetID = 022D5ECE243A01F000ED8C2A;
					};
					022D5EEF243A01F200ED8C2A = {
						CreatedOnToolsVersion = 11.4;
						LastSwiftMigration = 1140;
						TestTargetID = 022D5ECE243A01F000ED8C2A;
					};
				};
			};
			buildConfigurationList = 022D5ECA243A01F000ED8C2A /* Build configuration list for PBXProject "FizzBuzz" */;
			compatibilityVersion = "Xcode 9.3";
			developmentRegion = en;
			hasScannedForEncodings = 0;
			knownRegions = (
				en,
				Base,
			);
			mainGroup = 022D5EC6243A01F000ED8C2A;
			productRefGroup = 022D5ED0243A01F000ED8C2A /* Products */;
			projectDirPath = "";
			projectRoot = "";
			targets = (
				022D5ECE243A01F000ED8C2A /* FizzBuzz */,
				022D5EE4243A01F200ED8C2A /* FizzBuzzTests */,
				022D5EEF243A01F200ED8C2A /* FizzBuzzUITests */,
			);
		};
/* End PBXProject section */

/* Begin PBXResourcesBuildPhase section */
		022D5ECD243A01F000ED8C2A /* Resources */ = {
			isa = PBXResourcesBuildPhase;
			buildActionMask = 2147483647;
			files = (
				022D5EDF243A01F200ED8C2A /* LaunchScreen.storyboard in Resources */,
				022D5EDC243A01F200ED8C2A /* Assets.xcassets in Resources */,
				022D5EDA243A01F000ED8C2A /* Main.storyboard in Resources */,
				02E25BD3243A9AB2004552A1 /* Capture d’écran 2020-04-06 à 00.52.51.png in Resources */,
			);
			runOnlyForDeploymentPostprocessing = 0;
		};
		022D5EE3243A01F200ED8C2A /* Resources */ = {
			isa = PBXResourcesBuildPhase;
			buildActionMask = 2147483647;
			files = (
			);
			runOnlyForDeploymentPostprocessing = 0;
		};
		022D5EEE243A01F200ED8C2A /* Resources */ = {
			isa = PBXResourcesBuildPhase;
			buildActionMask = 2147483647;
			files = (
			);
			runOnlyForDeploymentPostprocessing = 0;
		};
/* End PBXResourcesBuildPhase section */

/* Begin PBXSourcesBuildPhase section */
		022D5ECB243A01F000ED8C2A /* Sources */ = {
			isa = PBXSourcesBuildPhase;
			buildActionMask = 2147483647;
			files = (
				022D5ED7243A01F000ED8C2A /* ViewController.swift in Sources */,
				022D5F09243A1BA100ED8C2A /* Game.swift in Sources */,
				022D5ED3243A01F000ED8C2A /* AppDelegate.swift in Sources */,
				022D5F05243A037600ED8C2A /* Brain.swift in Sources */,
				022D5F12243A852F00ED8C2A /* Move.swift in Sources */,
				022D5ED5243A01F000ED8C2A /* SceneDelegate.swift in Sources */,
			);
			runOnlyForDeploymentPostprocessing = 0;
		};
		022D5EE1243A01F200ED8C2A /* Sources */ = {
			isa = PBXSourcesBuildPhase;
			buildActionMask = 2147483647;
			files = (
				022D5F0B243A3FBB00ED8C2A /* ViewControllerTests.swift in Sources */,
				022D5F03243A027800ED8C2A /* BrainTests.swift in Sources */,
				022D5F07243A1B5900ED8C2A /* GameTests.swift in Sources */,
			);
			runOnlyForDeploymentPostprocessing = 0;
		};
		022D5EEC243A01F200ED8C2A /* Sources */ = {
			isa = PBXSourcesBuildPhase;
			buildActionMask = 2147483647;
			files = (
				022D5F10243A657D00ED8C2A /* ViewControllerUITests.swift in Sources */,
			);
			runOnlyForDeploymentPostprocessing = 0;
		};
/* End PBXSourcesBuildPhase section */

/* Begin PBXTargetDependency section */
		022D5EE7243A01F200ED8C2A /* PBXTargetDependency */ = {
			isa = PBXTargetDependency;
			target = 022D5ECE243A01F000ED8C2A /* FizzBuzz */;
			targetProxy = 022D5EE6243A01F200ED8C2A /* PBXContainerItemProxy */;
		};
		022D5EF2243A01F200ED8C2A /* PBXTargetDependency */ = {
			isa = PBXTargetDependency;
			target = 022D5ECE243A01F000ED8C2A /* FizzBuzz */;
			targetProxy = 022D5EF1243A01F200ED8C2A /* PBXContainerItemProxy */;
		};
/* End PBXTargetDependency section */

/* Begin PBXVariantGroup section */
		022D5ED8243A01F000ED8C2A /* Main.storyboard */ = {
			isa = PBXVariantGroup;
			children = (
				022D5ED9243A01F000ED8C2A /* Base */,
			);
			name = Main.storyboard;
			sourceTree = "<group>";
		};
		022D5EDD243A01F200ED8C2A /* LaunchScreen.storyboard */ = {
			isa = PBXVariantGroup;
			children = (
				022D5EDE243A01F200ED8C2A /* Base */,
			);
			name = LaunchScreen.storyboard;
			sourceTree = "<group>";
		};
/* End PBXVariantGroup section */

/* Begin XCBuildConfiguration section */
		022D5EF7243A01F200ED8C2A /* Debug */ = {
			isa = XCBuildConfiguration;
			buildSettings = {
				ALWAYS_SEARCH_USER_PATHS = NO;
				CLANG_ANALYZER_NONNULL = YES;
				CLANG_ANALYZER_NUMBER_OBJECT_CONVERSION = YES_AGGRESSIVE;
				CLANG_CXX_LANGUAGE_STANDARD = "gnu++14";
				CLANG_CXX_LIBRARY = "libc++";
				CLANG_ENABLE_MODULES = YES;
				CLANG_ENABLE_OBJC_ARC = YES;
				CLANG_ENABLE_OBJC_WEAK = YES;
				CLANG_WARN_BLOCK_CAPTURE_AUTORELEASING = YES;
				CLANG_WARN_BOOL_CONVERSION = YES;
				CLANG_WARN_COMMA = YES;
				CLANG_WARN_CONSTANT_CONVERSION = YES;
				CLANG_WARN_DEPRECATED_OBJC_IMPLEMENTATIONS = YES;
				CLANG_WARN_DIRECT_OBJC_ISA_USAGE = YES_ERROR;
				CLANG_WARN_DOCUMENTATION_COMMENTS = YES;
				CLANG_WARN_EMPTY_BODY = YES;
				CLANG_WARN_ENUM_CONVERSION = YES;
				CLANG_WARN_INFINITE_RECURSION = YES;
				CLANG_WARN_INT_CONVERSION = YES;
				CLANG_WARN_NON_LITERAL_NULL_CONVERSION = YES;
				CLANG_WARN_OBJC_IMPLICIT_RETAIN_SELF = YES;
				CLANG_WARN_OBJC_LITERAL_CONVERSION = YES;
				CLANG_WARN_OBJC_ROOT_CLASS = YES_ERROR;
				CLANG_WARN_RANGE_LOOP_ANALYSIS = YES;
				CLANG_WARN_STRICT_PROTOTYPES = YES;
				CLANG_WARN_SUSPICIOUS_MOVE = YES;
				CLANG_WARN_UNGUARDED_AVAILABILITY = YES_AGGRESSIVE;
				CLANG_WARN_UNREACHABLE_CODE = YES;
				CLANG_WARN__DUPLICATE_METHOD_MATCH = YES;
				COPY_PHASE_STRIP = NO;
				DEBUG_INFORMATION_FORMAT = dwarf;
				ENABLE_STRICT_OBJC_MSGSEND = YES;
				ENABLE_TESTABILITY = YES;
				GCC_C_LANGUAGE_STANDARD = gnu11;
				GCC_DYNAMIC_NO_PIC = NO;
				GCC_NO_COMMON_BLOCKS = YES;
				GCC_OPTIMIZATION_LEVEL = 0;
				GCC_PREPROCESSOR_DEFINITIONS = (
					"DEBUG=1",
					"$(inherited)",
				);
				GCC_WARN_64_TO_32_BIT_CONVERSION = YES;
				GCC_WARN_ABOUT_RETURN_TYPE = YES_ERROR;
				GCC_WARN_UNDECLARED_SELECTOR = YES;
				GCC_WARN_UNINITIALIZED_AUTOS = YES_AGGRESSIVE;
				GCC_WARN_UNUSED_FUNCTION = YES;
				GCC_WARN_UNUSED_VARIABLE = YES;
				IPHONEOS_DEPLOYMENT_TARGET = 13.4;
				MTL_ENABLE_DEBUG_INFO = INCLUDE_SOURCE;
				MTL_FAST_MATH = YES;
				ONLY_ACTIVE_ARCH = YES;
				SDKROOT = iphoneos;
				SWIFT_ACTIVE_COMPILATION_CONDITIONS = DEBUG;
				SWIFT_OPTIMIZATION_LEVEL = "-Onone";
			};
			name = Debug;
		};
		022D5EF8243A01F200ED8C2A /* Release */ = {
			isa = XCBuildConfiguration;
			buildSettings = {
				ALWAYS_SEARCH_USER_PATHS = NO;
				CLANG_ANALYZER_NONNULL = YES;
				CLANG_ANALYZER_NUMBER_OBJECT_CONVERSION = YES_AGGRESSIVE;
				CLANG_CXX_LANGUAGE_STANDARD = "gnu++14";
				CLANG_CXX_LIBRARY = "libc++";
				CLANG_ENABLE_MODULES = YES;
				CLANG_ENABLE_OBJC_ARC = YES;
				CLANG_ENABLE_OBJC_WEAK = YES;
				CLANG_WARN_BLOCK_CAPTURE_AUTORELEASING = YES;
				CLANG_WARN_BOOL_CONVERSION = YES;
				CLANG_WARN_COMMA = YES;
				CLANG_WARN_CONSTANT_CONVERSION = YES;
				CLANG_WARN_DEPRECATED_OBJC_IMPLEMENTATIONS = YES;
				CLANG_WARN_DIRECT_OBJC_ISA_USAGE = YES_ERROR;
				CLANG_WARN_DOCUMENTATION_COMMENTS = YES;
				CLANG_WARN_EMPTY_BODY = YES;
				CLANG_WARN_ENUM_CONVERSION = YES;
				CLANG_WARN_INFINITE_RECURSION = YES;
				CLANG_WARN_INT_CONVERSION = YES;
				CLANG_WARN_NON_LITERAL_NULL_CONVERSION = YES;
				CLANG_WARN_OBJC_IMPLICIT_RETAIN_SELF = YES;
				CLANG_WARN_OBJC_LITERAL_CONVERSION = YES;
				CLANG_WARN_OBJC_ROOT_CLASS = YES_ERROR;
				CLANG_WARN_RANGE_LOOP_ANALYSIS = YES;
				CLANG_WARN_STRICT_PROTOTYPES = YES;
				CLANG_WARN_SUSPICIOUS_MOVE = YES;
				CLANG_WARN_UNGUARDED_AVAILABILITY = YES_AGGRESSIVE;
				CLANG_WARN_UNREACHABLE_CODE = YES;
				CLANG_WARN__DUPLICATE_METHOD_MATCH = YES;
				COPY_PHASE_STRIP = NO;
				DEBUG_INFORMATION_FORMAT = "dwarf-with-dsym";
				ENABLE_NS_ASSERTIONS = NO;
				ENABLE_STRICT_OBJC_MSGSEND = YES;
				GCC_C_LANGUAGE_STANDARD = gnu11;
				GCC_NO_COMMON_BLOCKS = YES;
				GCC_WARN_64_TO_32_BIT_CONVERSION = YES;
				GCC_WARN_ABOUT_RETURN_TYPE = YES_ERROR;
				GCC_WARN_UNDECLARED_SELECTOR = YES;
				GCC_WARN_UNINITIALIZED_AUTOS = YES_AGGRESSIVE;
				GCC_WARN_UNUSED_FUNCTION = YES;
				GCC_WARN_UNUSED_VARIABLE = YES;
				IPHONEOS_DEPLOYMENT_TARGET = 13.4;
				MTL_ENABLE_DEBUG_INFO = NO;
				MTL_FAST_MATH = YES;
				SDKROOT = iphoneos;
				SWIFT_COMPILATION_MODE = wholemodule;
				SWIFT_OPTIMIZATION_LEVEL = "-O";
				VALIDATE_PRODUCT = YES;
			};
			name = Release;
		};
		022D5EFA243A01F200ED8C2A /* Debug */ = {
			isa = XCBuildConfiguration;
			buildSettings = {
				ASSETCATALOG_COMPILER_APPICON_NAME = AppIcon;
				CODE_SIGN_STYLE = Automatic;
				DEVELOPMENT_TEAM = 3GMN5HK6R6;
				INFOPLIST_FILE = FizzBuzz/Info.plist;
				LD_RUNPATH_SEARCH_PATHS = (
					"$(inherited)",
					"@executable_path/Frameworks",
				);
				PRODUCT_BUNDLE_IDENTIFIER = com.lvantours.FizzBuzz;
				PRODUCT_NAME = "$(TARGET_NAME)";
				SWIFT_VERSION = 5.0;
				TARGETED_DEVICE_FAMILY = "1,2";
			};
			name = Debug;
		};
		022D5EFB243A01F200ED8C2A /* Release */ = {
			isa = XCBuildConfiguration;
			buildSettings = {
				ASSETCATALOG_COMPILER_APPICON_NAME = AppIcon;
				CODE_SIGN_STYLE = Automatic;
				DEVELOPMENT_TEAM = 3GMN5HK6R6;
				INFOPLIST_FILE = FizzBuzz/Info.plist;
				LD_RUNPATH_SEARCH_PATHS = (
					"$(inherited)",
					"@executable_path/Frameworks",
				);
				PRODUCT_BUNDLE_IDENTIFIER = com.lvantours.FizzBuzz;
				PRODUCT_NAME = "$(TARGET_NAME)";
				SWIFT_VERSION = 5.0;
				TARGETED_DEVICE_FAMILY = "1,2";
			};
			name = Release;
		};
		022D5EFD243A01F200ED8C2A /* Debug */ = {
			isa = XCBuildConfiguration;
			buildSettings = {
				ALWAYS_EMBED_SWIFT_STANDARD_LIBRARIES = YES;
				BUNDLE_LOADER = "$(TEST_HOST)";
				CLANG_ENABLE_MODULES = YES;
				CODE_SIGN_STYLE = Automatic;
				DEVELOPMENT_TEAM = 3GMN5HK6R6;
				INFOPLIST_FILE = FizzBuzzTests/Info.plist;
				IPHONEOS_DEPLOYMENT_TARGET = 13.4;
				LD_RUNPATH_SEARCH_PATHS = (
					"$(inherited)",
					"@executable_path/Frameworks",
					"@loader_path/Frameworks",
				);
				PRODUCT_BUNDLE_IDENTIFIER = com.lvantours.FizzBuzzTests;
				PRODUCT_NAME = "$(TARGET_NAME)";
				SWIFT_OPTIMIZATION_LEVEL = "-Onone";
				SWIFT_VERSION = 5.0;
				TARGETED_DEVICE_FAMILY = "1,2";
				TEST_HOST = "$(BUILT_PRODUCTS_DIR)/FizzBuzz.app/FizzBuzz";
			};
			name = Debug;
		};
		022D5EFE243A01F200ED8C2A /* Release */ = {
			isa = XCBuildConfiguration;
			buildSettings = {
				ALWAYS_EMBED_SWIFT_STANDARD_LIBRARIES = YES;
				BUNDLE_LOADER = "$(TEST_HOST)";
				CLANG_ENABLE_MODULES = YES;
				CODE_SIGN_STYLE = Automatic;
				DEVELOPMENT_TEAM = 3GMN5HK6R6;
				INFOPLIST_FILE = FizzBuzzTests/Info.plist;
				IPHONEOS_DEPLOYMENT_TARGET = 13.4;
				LD_RUNPATH_SEARCH_PATHS = (
					"$(inherited)",
					"@executable_path/Frameworks",
					"@loader_path/Frameworks",
				);
				PRODUCT_BUNDLE_IDENTIFIER = com.lvantours.FizzBuzzTests;
				PRODUCT_NAME = "$(TARGET_NAME)";
				SWIFT_VERSION = 5.0;
				TARGETED_DEVICE_FAMILY = "1,2";
				TEST_HOST = "$(BUILT_PRODUCTS_DIR)/FizzBuzz.app/FizzBuzz";
			};
			name = Release;
		};
		022D5F00243A01F200ED8C2A /* Debug */ = {
			isa = XCBuildConfiguration;
			buildSettings = {
				ALWAYS_EMBED_SWIFT_STANDARD_LIBRARIES = YES;
				CLANG_ENABLE_MODULES = YES;
				CODE_SIGN_STYLE = Automatic;
				DEVELOPMENT_TEAM = 3GMN5HK6R6;
				INFOPLIST_FILE = FizzBuzzUITests/Info.plist;
				LD_RUNPATH_SEARCH_PATHS = (
					"$(inherited)",
					"@executable_path/Frameworks",
					"@loader_path/Frameworks",
				);
				PRODUCT_BUNDLE_IDENTIFIER = com.lvantours.FizzBuzzUITests;
				PRODUCT_NAME = "$(TARGET_NAME)";
				SWIFT_OPTIMIZATION_LEVEL = "-Onone";
				SWIFT_VERSION = 5.0;
				TARGETED_DEVICE_FAMILY = "1,2";
				TEST_TARGET_NAME = FizzBuzz;
			};
			name = Debug;
		};
		022D5F01243A01F200ED8C2A /* Release */ = {
			isa = XCBuildConfiguration;
			buildSettings = {
				ALWAYS_EMBED_SWIFT_STANDARD_LIBRARIES = YES;
				CLANG_ENABLE_MODULES = YES;
				CODE_SIGN_STYLE = Automatic;
				DEVELOPMENT_TEAM = 3GMN5HK6R6;
				INFOPLIST_FILE = FizzBuzzUITests/Info.plist;
				LD_RUNPATH_SEARCH_PATHS = (
					"$(inherited)",
					"@executable_path/Frameworks",
					"@loader_path/Frameworks",
				);
				PRODUCT_BUNDLE_IDENTIFIER = com.lvantours.FizzBuzzUITests;
				PRODUCT_NAME = "$(TARGET_NAME)";
				SWIFT_VERSION = 5.0;
				TARGETED_DEVICE_FAMILY = "1,2";
				TEST_TARGET_NAME = FizzBuzz;
			};
			name = Release;
		};
/* End XCBuildConfiguration section */

/* Begin XCConfigurationList section */
		022D5ECA243A01F000ED8C2A /* Build configuration list for PBXProject "FizzBuzz" */ = {
			isa = XCConfigurationList;
			buildConfigurations = (
				022D5EF7243A01F200ED8C2A /* Debug */,
				022D5EF8243A01F200ED8C2A /* Release */,
			);
			defaultConfigurationIsVisible = 0;
			defaultConfigurationName = Release;
		};
		022D5EF9243A01F200ED8C2A /* Build configuration list for PBXNativeTarget "FizzBuzz" */ = {
			isa = XCConfigurationList;
			buildConfigurations = (
				022D5EFA243A01F200ED8C2A /* Debug */,
				022D5EFB243A01F200ED8C2A /* Release */,
			);
			defaultConfigurationIsVisible = 0;
			defaultConfigurationName = Release;
		};
		022D5EFC243A01F200ED8C2A /* Build configuration list for PBXNativeTarget "FizzBuzzTests" */ = {
			isa = XCConfigurationList;
			buildConfigurations = (
				022D5EFD243A01F200ED8C2A /* Debug */,
				022D5EFE243A01F200ED8C2A /* Release */,
			);
			defaultConfigurationIsVisible = 0;
			defaultConfigurationName = Release;
		};
		022D5EFF243A01F200ED8C2A /* Build configuration list for PBXNativeTarget "FizzBuzzUITests" */ = {
			isa = XCConfigurationList;
			buildConfigurations = (
				022D5F00243A01F200ED8C2A /* Debug */,
				022D5F01243A01F200ED8C2A /* Release */,
			);
			defaultConfigurationIsVisible = 0;
			defaultConfigurationName = Release;
		};
/* End XCConfigurationList section */
	};
	rootObject = 022D5EC7243A01F000ED8C2A /* Project object */;
}
